
Microsoft Visual Studio Solution File, Format Version 12.00
# Visual Studio 15
Project("{FAE04EC0-301F-11D3-BF4B-00C04F79EFBC}") = "NegotitationServer", "NegotitationServer.csproj", "{6C1045C8-009B-4A24-AE3A-2C235E763001}"
EndProject
Global
	GlobalSection(SolutionConfigurationPlatforms) = preSolution
		Debug|Any CPU = Debug|Any CPU
		Release|Any CPU = Release|Any CPU
	EndGlobalSection
	GlobalSection(ProjectConfigurationPlatforms) = postSolution
		{6C1045C8-009B-4A24-AE3A-2C235E763001}.Debug|Any CPU.ActiveCfg = Debug|Any CPU
		{6C1045C8-009B-4A24-AE3A-2C235E763001}.Debug|Any CPU.Build.0 = Debug|Any CPU
		{6C1045C8-009B-4A24-AE3A-2C235E763001}.Release|Any CPU.ActiveCfg = Release|Any CPU
		{6C1045C8-009B-4A24-AE3A-2C235E763001}.Release|Any CPU.Build.0 = Release|Any CPU
	EndGlobalSection
EndGlobal
